
Microsoft Visual Studio Solution File, Format Version 12.00
# Visual Studio 2012
Project("{FAE04EC0-301F-11D3-BF4B-00C04F79EFBC}") = "ctstone.Tumblr", "ctstone.Tumblr\ctstone.Tumblr.csproj", "{30CFE441-F382-4AFD-BB8C-71687FF9E624}"
EndProject
Global
	GlobalSection(SolutionConfigurationPlatforms) = preSolution
		Debug|Any CPU = Debug|Any CPU
		Release|Any CPU = Release|Any CPU
	EndGlobalSection
	GlobalSection(ProjectConfigurationPlatforms) = postSolution
		{30CFE441-F382-4AFD-BB8C-71687FF9E624}.Debug|Any CPU.ActiveCfg = Debug|Any CPU
		{30CFE441-F382-4AFD-BB8C-71687FF9E624}.Debug|Any CPU.Build.0 = Debug|Any CPU
		{30CFE441-F382-4AFD-BB8C-71687FF9E624}.Release|Any CPU.ActiveCfg = Release|Any CPU
		{30CFE441-F382-4AFD-BB8C-71687FF9E624}.Release|Any CPU.Build.0 = Release|Any CPU
	EndGlobalSection
	GlobalSection(SolutionProperties) = preSolution
		HideSolutionNode = FALSE
	EndGlobalSection
EndGlobal
